
Microsoft Visual Studio Solution File, Format Version 12.00
# Visual Studio 14
VisualStudioVersion = 14.0.23107.0
MinimumVisualStudioVersion = 10.0.40219.1
Project("{FAE04EC0-301F-11D3-BF4B-00C04F79EFBC}") = "LuckyPlayer", "LuckyPlayer\LuckyPlayer.csproj", "{EC408A7F-63C0-4FB2-B28F-8B04AF983194}"
EndProject
Project("{FAE04EC0-301F-11D3-BF4B-00C04F79EFBC}") = "LuckyPlayerDemo", "LuckyPlayerDemo\LuckyPlayerDemo.csproj", "{BD8BD08A-4E78-483B-A504-4DDA7EA9957E}"
EndProject
Global
	GlobalSection(SolutionConfigurationPlatforms) = preSolution
		Debug|Any CPU = Debug|Any CPU
		Release|Any CPU = Release|Any CPU
	EndGlobalSection
	GlobalSection(ProjectConfigurationPlatforms) = postSolution
		{EC408A7F-63C0-4FB2-B28F-8B04AF983194}.Debug|Any CPU.ActiveCfg = Debug|Any CPU
		{EC408A7F-63C0-4FB2-B28F-8B04AF983194}.Debug|Any CPU.Build.0 = Debug|Any CPU
		{EC408A7F-63C0-4FB2-B28F-8B04AF983194}.Release|Any CPU.ActiveCfg = Release|Any CPU
		{EC408A7F-63C0-4FB2-B28F-8B04AF983194}.Release|Any CPU.Build.0 = Release|Any CPU
		{BD8BD08A-4E78-483B-A504-4DDA7EA9957E}.Debug|Any CPU.ActiveCfg = Debug|Any CPU
		{BD8BD08A-4E78-483B-A504-4DDA7EA9957E}.Debug|Any CPU.Build.0 = Debug|Any CPU
		{BD8BD08A-4E78-483B-A504-4DDA7EA9957E}.Release|Any CPU.ActiveCfg = Release|Any CPU
		{BD8BD08A-4E78-483B-A504-4DDA7EA9957E}.Release|Any CPU.Build.0 = Release|Any CPU
	EndGlobalSection
	GlobalSection(SolutionProperties) = preSolution
		HideSolutionNode = FALSE
	EndGlobalSection
EndGlobal
